
Microsoft Visual Studio Solution File, Format Version 12.00
# Visual Studio Version 17
VisualStudioVersion = 17.14.36127.28 d17.14
MinimumVisualStudioVersion = 10.0.40219.1
Project("{FAE04EC0-301F-11D3-BF4B-00C04F79EFBC}") = "FinanzasApp.API", "FinanzasApp.API\FinanzasApp.API.csproj", "{72A74FF0-1B39-4390-8C39-7262BEF4C6FF}"
EndProject
Project("{FAE04EC0-301F-11D3-BF4B-00C04F79EFBC}") = "FinanzasApp.Desktop", "FinanzasApp.Desktop\FinanzasApp.Desktop.csproj", "{0C570B44-1F0C-41C7-A4E5-8204B626ABED}"
EndProject
Global
	GlobalSection(SolutionConfigurationPlatforms) = preSolution
		Debug|Any CPU = Debug|Any CPU
		Release|Any CPU = Release|Any CPU
	EndGlobalSection
	GlobalSection(ProjectConfigurationPlatforms) = postSolution
		{72A74FF0-1B39-4390-8C39-7262BEF4C6FF}.Debug|Any CPU.ActiveCfg = Debug|Any CPU
		{72A74FF0-1B39-4390-8C39-7262BEF4C6FF}.Debug|Any CPU.Build.0 = Debug|Any CPU
		{72A74FF0-1B39-4390-8C39-7262BEF4C6FF}.Release|Any CPU.ActiveCfg = Release|Any CPU
		{72A74FF0-1B39-4390-8C39-7262BEF4C6FF}.Release|Any CPU.Build.0 = Release|Any CPU
		{0C570B44-1F0C-41C7-A4E5-8204B626ABED}.Debug|Any CPU.ActiveCfg = Debug|Any CPU
		{0C570B44-1F0C-41C7-A4E5-8204B626ABED}.Debug|Any CPU.Build.0 = Debug|Any CPU
		{0C570B44-1F0C-41C7-A4E5-8204B626ABED}.Release|Any CPU.ActiveCfg = Release|Any CPU
		{0C570B44-1F0C-41C7-A4E5-8204B626ABED}.Release|Any CPU.Build.0 = Release|Any CPU
	EndGlobalSection
	GlobalSection(SolutionProperties) = preSolution
		HideSolutionNode = FALSE
	EndGlobalSection
	GlobalSection(ExtensibilityGlobals) = postSolution
		SolutionGuid = {6B1ECDDE-53C3-402D-BCA0-02C02524C666}
	EndGlobalSection
EndGlobal
